// !$*UTF8*$!
{
	archiveVersion = 1;
	classes = {
	};
	objectVersion = 55;
	objects = {

/* Begin PBXBuildFile section */
		61031D2E2B2551EF005D646C /* Song.swift in Sources */ = {isa = PBXBuildFile; fileRef = 61031D2D2B2551EF005D646C /* Song.swift */; };
		61606DE42B23C476009135E3 /* TableViewControllerList.swift in Sources */ = {isa = PBXBuildFile; fileRef = 61606DE32B23C476009135E3 /* TableViewControllerList.swift */; };
		61606DE62B23CEB7009135E3 /* ViewControllerAddSongs.swift in Sources */ = {isa = PBXBuildFile; fileRef = 61606DE52B23CEB7009135E3 /* ViewControllerAddSongs.swift */; };
		61606DE82B23E864009135E3 /* ViewControllerSendUser.swift in Sources */ = {isa = PBXBuildFile; fileRef = 61606DE72B23E864009135E3 /* ViewControllerSendUser.swift */; };
		61606DEA2B23E9EE009135E3 /* User.swift in Sources */ = {isa = PBXBuildFile; fileRef = 61606DE92B23E9EE009135E3 /* User.swift */; };
		61737BAB2B1F6BCD008D7EF7 /* GoogleService-Info.plist in Resources */ = {isa = PBXBuildFile; fileRef = 61737BAA2B1F6BCD008D7EF7 /* GoogleService-Info.plist */; };
		61737BAD2B1F70A4008D7EF7 /* ViewControllerSignIn.swift in Sources */ = {isa = PBXBuildFile; fileRef = 61737BAC2B1F70A4008D7EF7 /* ViewControllerSignIn.swift */; };
		6188913A2B255DA100BCBB8B /* ViewControllerListenToMusic.swift in Sources */ = {isa = PBXBuildFile; fileRef = 618891392B255DA100BCBB8B /* ViewControllerListenToMusic.swift */; };
		61FCE2E92B1D4960007CEF5B /* AppDelegate.swift in Sources */ = {isa = PBXBuildFile; fileRef = 61FCE2E82B1D4960007CEF5B /* AppDelegate.swift */; };
		61FCE2EB2B1D4960007CEF5B /* SceneDelegate.swift in Sources */ = {isa = PBXBuildFile; fileRef = 61FCE2EA2B1D4960007CEF5B /* SceneDelegate.swift */; };
		61FCE2ED2B1D4960007CEF5B /* ViewControllerLogin.swift in Sources */ = {isa = PBXBuildFile; fileRef = 61FCE2EC2B1D4960007CEF5B /* ViewControllerLogin.swift */; };
		61FCE2F02B1D4960007CEF5B /* Main.storyboard in Resources */ = {isa = PBXBuildFile; fileRef = 61FCE2EE2B1D4960007CEF5B /* Main.storyboard */; };
		61FCE2F22B1D4968007CEF5B /* Assets.xcassets in Resources */ = {isa = PBXBuildFile; fileRef = 61FCE2F12B1D4968007CEF5B /* Assets.xcassets */; };
		61FCE2F52B1D4968007CEF5B /* LaunchScreen.storyboard in Resources */ = {isa = PBXBuildFile; fileRef = 61FCE2F32B1D4968007CEF5B /* LaunchScreen.storyboard */; };
		61FCE3002B1D4BAF007CEF5B /* FirebaseAnalytics in Frameworks */ = {isa = PBXBuildFile; productRef = 61FCE2FF2B1D4BAF007CEF5B /* FirebaseAnalytics */; };
		61FCE3022B1D4BAF007CEF5B /* FirebaseAnalyticsWithoutAdIdSupport in Frameworks */ = {isa = PBXBuildFile; productRef = 61FCE3012B1D4BAF007CEF5B /* FirebaseAnalyticsWithoutAdIdSupport */; };
		61FCE3042B1D4BAF007CEF5B /* FirebaseAuth in Frameworks */ = {isa = PBXBuildFile; productRef = 61FCE3032B1D4BAF007CEF5B /* FirebaseAuth */; };
		61FCE3062B1D4BAF007CEF5B /* FirebaseDatabase in Frameworks */ = {isa = PBXBuildFile; productRef = 61FCE3052B1D4BAF007CEF5B /* FirebaseDatabase */; };
		61FCE3082B1D4BAF007CEF5B /* FirebaseStorage in Frameworks */ = {isa = PBXBuildFile; productRef = 61FCE3072B1D4BAF007CEF5B /* FirebaseStorage */; };
		61FCE30B2B1D5495007CEF5B /* GoogleSignIn in Frameworks */ = {isa = PBXBuildFile; productRef = 61FCE30A2B1D5495007CEF5B /* GoogleSignIn */; };
		61FCE30D2B1D5495007CEF5B /* GoogleSignInSwift in Frameworks */ = {isa = PBXBuildFile; productRef = 61FCE30C2B1D5495007CEF5B /* GoogleSignInSwift */; };
/* End PBXBuildFile section */

/* Begin PBXFileReference section */
		61031D2D2B2551EF005D646C /* Song.swift */ = {isa = PBXFileReference; lastKnownFileType = sourcecode.swift; path = Song.swift; sourceTree = "<group>"; };
		61606DE32B23C476009135E3 /* TableViewControllerList.swift */ = {isa = PBXFileReference; lastKnownFileType = sourcecode.swift; path = TableViewControllerList.swift; sourceTree = "<group>"; };
		61606DE52B23CEB7009135E3 /* ViewControllerAddSongs.swift */ = {isa = PBXFileReference; lastKnownFileType = sourcecode.swift; path = ViewControllerAddSongs.swift; sourceTree = "<group>"; };
		61606DE72B23E864009135E3 /* ViewControllerSendUser.swift */ = {isa = PBXFileReference; lastKnownFileType = sourcecode.swift; path = ViewControllerSendUser.swift; sourceTree = "<group>"; };
		61606DE92B23E9EE009135E3 /* User.swift */ = {isa = PBXFileReference; lastKnownFileType = sourcecode.swift; path = User.swift; sourceTree = "<group>"; };
		61737BAA2B1F6BCD008D7EF7 /* GoogleService-Info.plist */ = {isa = PBXFileReference; fileEncoding = 4; lastKnownFileType = text.plist.xml; path = "GoogleService-Info.plist"; sourceTree = "<group>"; };
		61737BAC2B1F70A4008D7EF7 /* ViewControllerSignIn.swift */ = {isa = PBXFileReference; lastKnownFileType = sourcecode.swift; path = ViewControllerSignIn.swift; sourceTree = "<group>"; };
		618891392B255DA100BCBB8B /* ViewControllerListenToMusic.swift */ = {isa = PBXFileReference; lastKnownFileType = sourcecode.swift; path = ViewControllerListenToMusic.swift; sourceTree = "<group>"; };
		61FCE2E52B1D4960007CEF5B /* FinalProjectS5.app */ = {isa = PBXFileReference; explicitFileType = wrapper.application; includeInIndex = 0; path = FinalProjectS5.app; sourceTree = BUILT_PRODUCTS_DIR; };
		61FCE2E82B1D4960007CEF5B /* AppDelegate.swift */ = {isa = PBXFileReference; lastKnownFileType = sourcecode.swift; path = AppDelegate.swift; sourceTree = "<group>"; };
		61FCE2EA2B1D4960007CEF5B /* SceneDelegate.swift */ = {isa = PBXFileReference; lastKnownFileType = sourcecode.swift; path = SceneDelegate.swift; sourceTree = "<group>"; };
		61FCE2EC2B1D4960007CEF5B /* ViewControllerLogin.swift */ = {isa = PBXFileReference; lastKnownFileType = sourcecode.swift; path = ViewControllerLogin.swift; sourceTree = "<group>"; };
		61FCE2EF2B1D4960007CEF5B /* Base */ = {isa = PBXFileReference; lastKnownFileType = file.storyboard; name = Base; path = Base.lproj/Main.storyboard; sourceTree = "<group>"; };
		61FCE2F12B1D4968007CEF5B /* Assets.xcassets */ = {isa = PBXFileReference; lastKnownFileType = folder.assetcatalog; path = Assets.xcassets; sourceTree = "<group>"; };
		61FCE2F42B1D4968007CEF5B /* Base */ = {isa = PBXFileReference; lastKnownFileType = file.storyboard; name = Base; path = Base.lproj/LaunchScreen.storyboard; sourceTree = "<group>"; };
		61FCE2F62B1D4968007CEF5B /* Info.plist */ = {isa = PBXFileReference; lastKnownFileType = text.plist.xml; path = Info.plist; sourceTree = "<group>"; };
/* End PBXFileReference section */

/* Begin PBXFrameworksBuildPhase section */
		61FCE2E22B1D4960007CEF5B /* Frameworks */ = {
			isa = PBXFrameworksBuildPhase;
			buildActionMask = 2147483647;
			files = (
				61FCE3002B1D4BAF007CEF5B /* FirebaseAnalytics in Frameworks */,
				61FCE3042B1D4BAF007CEF5B /* FirebaseAuth in Frameworks */,
				61FCE30D2B1D5495007CEF5B /* GoogleSignInSwift in Frameworks */,
				61FCE3062B1D4BAF007CEF5B /* FirebaseDatabase in Frameworks */,
				61FCE3082B1D4BAF007CEF5B /* FirebaseStorage in Frameworks */,
				61FCE3022B1D4BAF007CEF5B /* FirebaseAnalyticsWithoutAdIdSupport in Frameworks */,
				61FCE30B2B1D5495007CEF5B /* GoogleSignIn in Frameworks */,
			);
			runOnlyForDeploymentPostprocessing = 0;
		};
/* End PBXFrameworksBuildPhase section */

/* Begin PBXGroup section */
		61FCE2DC2B1D4960007CEF5B = {
			isa = PBXGroup;
			children = (
				61FCE2E72B1D4960007CEF5B /* FinalProjectS5 */,
				61FCE2E62B1D4960007CEF5B /* Products */,
			);
			sourceTree = "<group>";
		};
		61FCE2E62B1D4960007CEF5B /* Products */ = {
			isa = PBXGroup;
			children = (
				61FCE2E52B1D4960007CEF5B /* FinalProjectS5.app */,
			);
			name = Products;
			sourceTree = "<group>";
		};
		61FCE2E72B1D4960007CEF5B /* FinalProjectS5 */ = {
			isa = PBXGroup;
			children = (
				61FCE2E82B1D4960007CEF5B /* AppDelegate.swift */,
				61FCE2EA2B1D4960007CEF5B /* SceneDelegate.swift */,
				61FCE2EC2B1D4960007CEF5B /* ViewControllerLogin.swift */,
				61FCE2EE2B1D4960007CEF5B /* Main.storyboard */,
				61FCE2F12B1D4968007CEF5B /* Assets.xcassets */,
				61FCE2F32B1D4968007CEF5B /* LaunchScreen.storyboard */,
				61FCE2F62B1D4968007CEF5B /* Info.plist */,
				61737BAA2B1F6BCD008D7EF7 /* GoogleService-Info.plist */,
				61737BAC2B1F70A4008D7EF7 /* ViewControllerSignIn.swift */,
				61606DE32B23C476009135E3 /* TableViewControllerList.swift */,
				61606DE52B23CEB7009135E3 /* ViewControllerAddSongs.swift */,
				61606DE72B23E864009135E3 /* ViewControllerSendUser.swift */,
				61606DE92B23E9EE009135E3 /* User.swift */,
				61031D2D2B2551EF005D646C /* Song.swift */,
				618891392B255DA100BCBB8B /* ViewControllerListenToMusic.swift */,
			);
			path = FinalProjectS5;
			sourceTree = "<group>";
		};
/* End PBXGroup section */

/* Begin PBXNativeTarget section */
		61FCE2E42B1D4960007CEF5B /* FinalProjectS5 */ = {
			isa = PBXNativeTarget;
			buildConfigurationList = 61FCE2F92B1D4968007CEF5B /* Build configuration list for PBXNativeTarget "FinalProjectS5" */;
			buildPhases = (
				61FCE2E12B1D4960007CEF5B /* Sources */,
				61FCE2E22B1D4960007CEF5B /* Frameworks */,
				61FCE2E32B1D4960007CEF5B /* Resources */,
			);
			buildRules = (
			);
			dependencies = (
			);
			name = FinalProjectS5;
			packageProductDependencies = (
				61FCE2FF2B1D4BAF007CEF5B /* FirebaseAnalytics */,
				61FCE3012B1D4BAF007CEF5B /* FirebaseAnalyticsWithoutAdIdSupport */,
				61FCE3032B1D4BAF007CEF5B /* FirebaseAuth */,
				61FCE3052B1D4BAF007CEF5B /* FirebaseDatabase */,
				61FCE3072B1D4BAF007CEF5B /* FirebaseStorage */,
				61FCE30A2B1D5495007CEF5B /* GoogleSignIn */,
				61FCE30C2B1D5495007CEF5B /* GoogleSignInSwift */,
			);
			productName = FinalProjectS5;
			productReference = 61FCE2E52B1D4960007CEF5B /* FinalProjectS5.app */;
			productType = "com.apple.product-type.application";
		};
/* End PBXNativeTarget section */

/* Begin PBXProject section */
		61FCE2DD2B1D4960007CEF5B /* Project object */ = {
			isa = PBXProject;
			attributes = {
				BuildIndependentTargetsInParallel = 1;
				LastSwiftUpdateCheck = 1320;
				LastUpgradeCheck = 1320;
				TargetAttributes = {
					61FCE2E42B1D4960007CEF5B = {
						CreatedOnToolsVersion = 13.2.1;
					};
				};
			};
			buildConfigurationList = 61FCE2E02B1D4960007CEF5B /* Build configuration list for PBXProject "FinalProjectS5" */;
			compatibilityVersion = "Xcode 13.0";
			developmentRegion = en;
			hasScannedForEncodings = 0;
			knownRegions = (
				en,
				Base,
			);
			mainGroup = 61FCE2DC2B1D4960007CEF5B;
			packageReferences = (
				61FCE2FE2B1D4BAF007CEF5B /* XCRemoteSwiftPackageReference "firebase-ios-sdk" */,
				61FCE3092B1D5495007CEF5B /* XCRemoteSwiftPackageReference "GoogleSignIn-iOS" */,
			);
			productRefGroup = 61FCE2E62B1D4960007CEF5B /* Products */;
			projectDirPath = "";
			projectRoot = "";
			targets = (
				61FCE2E42B1D4960007CEF5B /* FinalProjectS5 */,
			);
		};
/* End PBXProject section */

/* Begin PBXResourcesBuildPhase section */
		61FCE2E32B1D4960007CEF5B /* Resources */ = {
			isa = PBXResourcesBuildPhase;
			buildActionMask = 2147483647;
			files = (
				61FCE2F52B1D4968007CEF5B /* LaunchScreen.storyboard in Resources */,
				61737BAB2B1F6BCD008D7EF7 /* GoogleService-Info.plist in Resources */,
				61FCE2F22B1D4968007CEF5B /* Assets.xcassets in Resources */,
				61FCE2F02B1D4960007CEF5B /* Main.storyboard in Resources */,
			);
			runOnlyForDeploymentPostprocessing = 0;
		};
/* End PBXResourcesBuildPhase section */

/* Begin PBXSourcesBuildPhase section */
		61FCE2E12B1D4960007CEF5B /* Sources */ = {
			isa = PBXSourcesBuildPhase;
			buildActionMask = 2147483647;
			files = (
				61031D2E2B2551EF005D646C /* Song.swift in Sources */,
				61737BAD2B1F70A4008D7EF7 /* ViewControllerSignIn.swift in Sources */,
				6188913A2B255DA100BCBB8B /* ViewControllerListenToMusic.swift in Sources */,
				61606DE42B23C476009135E3 /* TableViewControllerList.swift in Sources */,
				61FCE2ED2B1D4960007CEF5B /* ViewControllerLogin.swift in Sources */,
				61606DE62B23CEB7009135E3 /* ViewControllerAddSongs.swift in Sources */,
				61606DEA2B23E9EE009135E3 /* User.swift in Sources */,
				61FCE2E92B1D4960007CEF5B /* AppDelegate.swift in Sources */,
				61606DE82B23E864009135E3 /* ViewControllerSendUser.swift in Sources */,
				61FCE2EB2B1D4960007CEF5B /* SceneDelegate.swift in Sources */,
			);
			runOnlyForDeploymentPostprocessing = 0;
		};
/* End PBXSourcesBuildPhase section */

/* Begin PBXVariantGroup section */
		61FCE2EE2B1D4960007CEF5B /* Main.storyboard */ = {
			isa = PBXVariantGroup;
			children = (
				61FCE2EF2B1D4960007CEF5B /* Base */,
			);
			name = Main.storyboard;
			sourceTree = "<group>";
		};
		61FCE2F32B1D4968007CEF5B /* LaunchScreen.storyboard */ = {
			isa = PBXVariantGroup;
			children = (
				61FCE2F42B1D4968007CEF5B /* Base */,
			);
			name = LaunchScreen.storyboard;
			sourceTree = "<group>";
		};
/* End PBXVariantGroup section */

/* Begin XCBuildConfiguration section */
		61FCE2F72B1D4968007CEF5B /* Debug */ = {
			isa = XCBuildConfiguration;
			buildSettings = {
				ALWAYS_SEARCH_USER_PATHS = NO;
				CLANG_ANALYZER_NONNULL = YES;
				CLANG_ANALYZER_NUMBER_OBJECT_CONVERSION = YES_AGGRESSIVE;
				CLANG_CXX_LANGUAGE_STANDARD = "gnu++17";
				CLANG_CXX_LIBRARY = "libc++";
				CLANG_ENABLE_MODULES = YES;
				CLANG_ENABLE_OBJC_ARC = YES;
				CLANG_ENABLE_OBJC_WEAK = YES;
				CLANG_WARN_BLOCK_CAPTURE_AUTORELEASING = YES;
				CLANG_WARN_BOOL_CONVERSION = YES;
				CLANG_WARN_COMMA = YES;
				CLANG_WARN_CONSTANT_CONVERSION = YES;
				CLANG_WARN_DEPRECATED_OBJC_IMPLEMENTATIONS = YES;
				CLANG_WARN_DIRECT_OBJC_ISA_USAGE = YES_ERROR;
				CLANG_WARN_DOCUMENTATION_COMMENTS = YES;
				CLANG_WARN_EMPTY_BODY = YES;
				CLANG_WARN_ENUM_CONVERSION = YES;
				CLANG_WARN_INFINITE_RECURSION = YES;
				CLANG_WARN_INT_CONVERSION = YES;
				CLANG_WARN_NON_LITERAL_NULL_CONVERSION = YES;
				CLANG_WARN_OBJC_IMPLICIT_RETAIN_SELF = YES;
				CLANG_WARN_OBJC_LITERAL_CONVERSION = YES;
				CLANG_WARN_OBJC_ROOT_CLASS = YES_ERROR;
				CLANG_WARN_QUOTED_INCLUDE_IN_FRAMEWORK_HEADER = YES;
				CLANG_WARN_RANGE_LOOP_ANALYSIS = YES;
				CLANG_WARN_STRICT_PROTOTYPES = YES;
				CLANG_WARN_SUSPICIOUS_MOVE = YES;
				CLANG_WARN_UNGUARDED_AVAILABILITY = YES_AGGRESSIVE;
				CLANG_WARN_UNREACHABLE_CODE = YES;
				CLANG_WARN__DUPLICATE_METHOD_MATCH = YES;
				COPY_PHASE_STRIP = NO;
				DEBUG_INFORMATION_FORMAT = dwarf;
				ENABLE_STRICT_OBJC_MSGSEND = YES;
				ENABLE_TESTABILITY = YES;
				GCC_C_LANGUAGE_STANDARD = gnu11;
				GCC_DYNAMIC_NO_PIC = NO;
				GCC_NO_COMMON_BLOCKS = YES;
				GCC_OPTIMIZATION_LEVEL = 0;
				GCC_PREPROCESSOR_DEFINITIONS = (
					"DEBUG=1",
					"$(inherited)",
				);
				GCC_WARN_64_TO_32_BIT_CONVERSION = YES;
				GCC_WARN_ABOUT_RETURN_TYPE = YES_ERROR;
				GCC_WARN_UNDECLARED_SELECTOR = YES;
				GCC_WARN_UNINITIALIZED_AUTOS = YES_AGGRESSIVE;
				GCC_WARN_UNUSED_FUNCTION = YES;
				GCC_WARN_UNUSED_VARIABLE = YES;
				IPHONEOS_DEPLOYMENT_TARGET = 15.2;
				MTL_ENABLE_DEBUG_INFO = INCLUDE_SOURCE;
				MTL_FAST_MATH = YES;
				ONLY_ACTIVE_ARCH = YES;
				SDKROOT = iphoneos;
				SWIFT_ACTIVE_COMPILATION_CONDITIONS = DEBUG;
				SWIFT_OPTIMIZATION_LEVEL = "-Onone";
			};
			name = Debug;
		};
		61FCE2F82B1D4968007CEF5B /* Release */ = {
			isa = XCBuildConfiguration;
			buildSettings = {
				ALWAYS_SEARCH_USER_PATHS = NO;
				CLANG_ANALYZER_NONNULL = YES;
				CLANG_ANALYZER_NUMBER_OBJECT_CONVERSION = YES_AGGRESSIVE;
				CLANG_CXX_LANGUAGE_STANDARD = "gnu++17";
				CLANG_CXX_LIBRARY = "libc++";
				CLANG_ENABLE_MODULES = YES;
				CLANG_ENABLE_OBJC_ARC = YES;
				CLANG_ENABLE_OBJC_WEAK = YES;
				CLANG_WARN_BLOCK_CAPTURE_AUTORELEASING = YES;
				CLANG_WARN_BOOL_CONVERSION = YES;
				CLANG_WARN_COMMA = YES;
				CLANG_WARN_CONSTANT_CONVERSION = YES;
				CLANG_WARN_DEPRECATED_OBJC_IMPLEMENTATIONS = YES;
				CLANG_WARN_DIRECT_OBJC_ISA_USAGE = YES_ERROR;
				CLANG_WARN_DOCUMENTATION_COMMENTS = YES;
				CLANG_WARN_EMPTY_BODY = YES;
				CLANG_WARN_ENUM_CONVERSION = YES;
				CLANG_WARN_INFINITE_RECURSION = YES;
				CLANG_WARN_INT_CONVERSION = YES;
				CLANG_WARN_NON_LITERAL_NULL_CONVERSION = YES;
				CLANG_WARN_OBJC_IMPLICIT_RETAIN_SELF = YES;
				CLANG_WARN_OBJC_LITERAL_CONVERSION = YES;
				CLANG_WARN_OBJC_ROOT_CLASS = YES_ERROR;
				CLANG_WARN_QUOTED_INCLUDE_IN_FRAMEWORK_HEADER = YES;
				CLANG_WARN_RANGE_LOOP_ANALYSIS = YES;
				CLANG_WARN_STRICT_PROTOTYPES = YES;
				CLANG_WARN_SUSPICIOUS_MOVE = YES;
				CLANG_WARN_UNGUARDED_AVAILABILITY = YES_AGGRESSIVE;
				CLANG_WARN_UNREACHABLE_CODE = YES;
				CLANG_WARN__DUPLICATE_METHOD_MATCH = YES;
				COPY_PHASE_STRIP = NO;
				DEBUG_INFORMATION_FORMAT = "dwarf-with-dsym";
				ENABLE_NS_ASSERTIONS = NO;
				ENABLE_STRICT_OBJC_MSGSEND = YES;
				GCC_C_LANGUAGE_STANDARD = gnu11;
				GCC_NO_COMMON_BLOCKS = YES;
				GCC_WARN_64_TO_32_BIT_CONVERSION = YES;
				GCC_WARN_ABOUT_RETURN_TYPE = YES_ERROR;
				GCC_WARN_UNDECLARED_SELECTOR = YES;
				GCC_WARN_UNINITIALIZED_AUTOS = YES_AGGRESSIVE;
				GCC_WARN_UNUSED_FUNCTION = YES;
				GCC_WARN_UNUSED_VARIABLE = YES;
				IPHONEOS_DEPLOYMENT_TARGET = 15.2;
				MTL_ENABLE_DEBUG_INFO = NO;
				MTL_FAST_MATH = YES;
				SDKROOT = iphoneos;
				SWIFT_COMPILATION_MODE = wholemodule;
				SWIFT_OPTIMIZATION_LEVEL = "-O";
				VALIDATE_PRODUCT = YES;
			};
			name = Release;
		};
		61FCE2FA2B1D4968007CEF5B /* Debug */ = {
			isa = XCBuildConfiguration;
			buildSettings = {
				ASSETCATALOG_COMPILER_APPICON_NAME = AppIcon;
				ASSETCATALOG_COMPILER_GLOBAL_ACCENT_COLOR_NAME = AccentColor;
				CODE_SIGN_STYLE = Automatic;
				CURRENT_PROJECT_VERSION = 1;
				GENERATE_INFOPLIST_FILE = YES;
				INFOPLIST_FILE = FinalProjectS5/Info.plist;
				INFOPLIST_KEY_NSPhotoLibraryUsageDescription = "Necesitamos la carga de imagenes";
				INFOPLIST_KEY_UIApplicationSupportsIndirectInputEvents = YES;
				INFOPLIST_KEY_UILaunchStoryboardName = LaunchScreen;
				INFOPLIST_KEY_UIMainStoryboardFile = Main;
				INFOPLIST_KEY_UISupportedInterfaceOrientations_iPad = "UIInterfaceOrientationPortrait UIInterfaceOrientationPortraitUpsideDown UIInterfaceOrientationLandscapeLeft UIInterfaceOrientationLandscapeRight";
				INFOPLIST_KEY_UISupportedInterfaceOrientations_iPhone = "UIInterfaceOrientationPortrait UIInterfaceOrientationLandscapeLeft UIInterfaceOrientationLandscapeRight";
				LD_RUNPATH_SEARCH_PATHS = (
					"$(inherited)",
					"@executable_path/Frameworks",
				);
				MARKETING_VERSION = 1.0;
				PRODUCT_BUNDLE_IDENTIFIER = com.miempresa.FinalProjectS5;
				PRODUCT_NAME = "$(TARGET_NAME)";
				SWIFT_EMIT_LOC_STRINGS = YES;
				SWIFT_VERSION = 5.0;
				TARGETED_DEVICE_FAMILY = "1,2";
			};
			name = Debug;
		};
		61FCE2FB2B1D4968007CEF5B /* Release */ = {
			isa = XCBuildConfiguration;
			buildSettings = {
				ASSETCATALOG_COMPILER_APPICON_NAME = AppIcon;
				ASSETCATALOG_COMPILER_GLOBAL_ACCENT_COLOR_NAME = AccentColor;
				CODE_SIGN_STYLE = Automatic;
				CURRENT_PROJECT_VERSION = 1;
				GENERATE_INFOPLIST_FILE = YES;
				INFOPLIST_FILE = FinalProjectS5/Info.plist;
				INFOPLIST_KEY_NSPhotoLibraryUsageDescription = "Necesitamos la carga de imagenes";
				INFOPLIST_KEY_UIApplicationSupportsIndirectInputEvents = YES;
				INFOPLIST_KEY_UILaunchStoryboardName = LaunchScreen;
				INFOPLIST_KEY_UIMainStoryboardFile = Main;
				INFOPLIST_KEY_UISupportedInterfaceOrientations_iPad = "UIInterfaceOrientationPortrait UIInterfaceOrientationPortraitUpsideDown UIInterfaceOrientationLandscapeLeft UIInterfaceOrientationLandscapeRight";
				INFOPLIST_KEY_UISupportedInterfaceOrientations_iPhone = "UIInterfaceOrientationPortrait UIInterfaceOrientationLandscapeLeft UIInterfaceOrientationLandscapeRight";
				LD_RUNPATH_SEARCH_PATHS = (
					"$(inherited)",
					"@executable_path/Frameworks",
				);
				MARKETING_VERSION = 1.0;
				PRODUCT_BUNDLE_IDENTIFIER = com.miempresa.FinalProjectS5;
				PRODUCT_NAME = "$(TARGET_NAME)";
				SWIFT_EMIT_LOC_STRINGS = YES;
				SWIFT_VERSION = 5.0;
				TARGETED_DEVICE_FAMILY = "1,2";
			};
			name = Release;
		};
/* End XCBuildConfiguration section */

/* Begin XCConfigurationList section */
		61FCE2E02B1D4960007CEF5B /* Build configuration list for PBXProject "FinalProjectS5" */ = {
			isa = XCConfigurationList;
			buildConfigurations = (
				61FCE2F72B1D4968007CEF5B /* Debug */,
				61FCE2F82B1D4968007CEF5B /* Release */,
			);
			defaultConfigurationIsVisible = 0;
			defaultConfigurationName = Release;
		};
		61FCE2F92B1D4968007CEF5B /* Build configuration list for PBXNativeTarget "FinalProjectS5" */ = {
			isa = XCConfigurationList;
			buildConfigurations = (
				61FCE2FA2B1D4968007CEF5B /* Debug */,
				61FCE2FB2B1D4968007CEF5B /* Release */,
			);
			defaultConfigurationIsVisible = 0;
			defaultConfigurationName = Release;
		};
/* End XCConfigurationList section */

/* Begin XCRemoteSwiftPackageReference section */
		61FCE2FE2B1D4BAF007CEF5B /* XCRemoteSwiftPackageReference "firebase-ios-sdk" */ = {
			isa = XCRemoteSwiftPackageReference;
			repositoryURL = "https://github.com/firebase/firebase-ios-sdk";
			requirement = {
				kind = upToNextMajorVersion;
				minimumVersion = 9.0.0;
			};
		};
		61FCE3092B1D5495007CEF5B /* XCRemoteSwiftPackageReference "GoogleSignIn-iOS" */ = {
			isa = XCRemoteSwiftPackageReference;
			repositoryURL = "https://github.com/google/GoogleSignIn-iOS";
			requirement = {
				kind = upToNextMajorVersion;
				minimumVersion = 7.0.0;
			};
		};
/* End XCRemoteSwiftPackageReference section */

/* Begin XCSwiftPackageProductDependency section */
		61FCE2FF2B1D4BAF007CEF5B /* FirebaseAnalytics */ = {
			isa = XCSwiftPackageProductDependency;
			package = 61FCE2FE2B1D4BAF007CEF5B /* XCRemoteSwiftPackageReference "firebase-ios-sdk" */;
			productName = FirebaseAnalytics;
		};
		61FCE3012B1D4BAF007CEF5B /* FirebaseAnalyticsWithoutAdIdSupport */ = {
			isa = XCSwiftPackageProductDependency;
			package = 61FCE2FE2B1D4BAF007CEF5B /* XCRemoteSwiftPackageReference "firebase-ios-sdk" */;
			productName = FirebaseAnalyticsWithoutAdIdSupport;
		};
		61FCE3032B1D4BAF007CEF5B /* FirebaseAuth */ = {
			isa = XCSwiftPackageProductDependency;
			package = 61FCE2FE2B1D4BAF007CEF5B /* XCRemoteSwiftPackageReference "firebase-ios-sdk" */;
			productName = FirebaseAuth;
		};
		61FCE3052B1D4BAF007CEF5B /* FirebaseDatabase */ = {
			isa = XCSwiftPackageProductDependency;
			package = 61FCE2FE2B1D4BAF007CEF5B /* XCRemoteSwiftPackageReference "firebase-ios-sdk" */;
			productName = FirebaseDatabase;
		};
		61FCE3072B1D4BAF007CEF5B /* FirebaseStorage */ = {
			isa = XCSwiftPackageProductDependency;
			package = 61FCE2FE2B1D4BAF007CEF5B /* XCRemoteSwiftPackageReference "firebase-ios-sdk" */;
			productName = FirebaseStorage;
		};
		61FCE30A2B1D5495007CEF5B /* GoogleSignIn */ = {
			isa = XCSwiftPackageProductDependency;
			package = 61FCE3092B1D5495007CEF5B /* XCRemoteSwiftPackageReference "GoogleSignIn-iOS" */;
			productName = GoogleSignIn;
		};
		61FCE30C2B1D5495007CEF5B /* GoogleSignInSwift */ = {
			isa = XCSwiftPackageProductDependency;
			package = 61FCE3092B1D5495007CEF5B /* XCRemoteSwiftPackageReference "GoogleSignIn-iOS" */;
			productName = GoogleSignInSwift;
		};
/* End XCSwiftPackageProductDependency section */
	};
	rootObject = 61FCE2DD2B1D4960007CEF5B /* Project object */;
}
